
Microsoft Visual Studio Solution File, Format Version 12.00
# Visual Studio Version 17
VisualStudioVersion = 17.1.32319.34
MinimumVisualStudioVersion = 10.0.40219.1
Project("{FAE04EC0-301F-11D3-BF4B-00C04F79EFBC}") = "csharp_crud_sql_server", "csharp_crud_sql_server.csproj", "{F7F37349-E245-49D1-ABD6-45FE87FD0F83}"
EndProject
Global
	GlobalSection(SolutionConfigurationPlatforms) = preSolution
		Debug|Any CPU = Debug|Any CPU
		Release|Any CPU = Release|Any CPU
	EndGlobalSection
	GlobalSection(ProjectConfigurationPlatforms) = postSolution
		{F7F37349-E245-49D1-ABD6-45FE87FD0F83}.Debug|Any CPU.ActiveCfg = Debug|Any CPU
		{F7F37349-E245-49D1-ABD6-45FE87FD0F83}.Debug|Any CPU.Build.0 = Debug|Any CPU
		{F7F37349-E245-49D1-ABD6-45FE87FD0F83}.Release|Any CPU.ActiveCfg = Release|Any CPU
		{F7F37349-E245-49D1-ABD6-45FE87FD0F83}.Release|Any CPU.Build.0 = Release|Any CPU
	EndGlobalSection
	GlobalSection(SolutionProperties) = preSolution
		HideSolutionNode = FALSE
	EndGlobalSection
	GlobalSection(ExtensibilityGlobals) = postSolution
		SolutionGuid = {C1579444-A412-40E2-9941-0D9F49585E8C}
	EndGlobalSection
EndGlobal
